// !$*UTF8*$!
{
	archiveVersion = 1;
	classes = {
	};
	objectVersion = 51;
	objects = {

/* Begin PBXBuildFile section */
		0405FB5325AB59EF00282C1B /* Comics.swift in Sources */ = {isa = PBXBuildFile; fileRef = 0405FB5225AB59EF00282C1B /* Comics.swift */; };
		0405FB5625AB5A5700282C1B /* DAOComics.swift in Sources */ = {isa = PBXBuildFile; fileRef = 0405FB5525AB5A5700282C1B /* DAOComics.swift */; };
		043DBB6625A36CC200BEA18F /* CharacterView.swift in Sources */ = {isa = PBXBuildFile; fileRef = 043DBB6525A36CC200BEA18F /* CharacterView.swift */; };
		043DBB6925A36D2500BEA18F /* CharacterVC.swift in Sources */ = {isa = PBXBuildFile; fileRef = 043DBB6825A36D2500BEA18F /* CharacterVC.swift */; };
		046BDFB125A0045800BA3B4C /* LoadMoreCell.swift in Sources */ = {isa = PBXBuildFile; fileRef = 046BDFB025A0045800BA3B4C /* LoadMoreCell.swift */; };
		046CFD16259C13A200595FBD /* LoadingPopUp.swift in Sources */ = {isa = PBXBuildFile; fileRef = 046CFD15259C13A200595FBD /* LoadingPopUp.swift */; };
		04A83C18259C0B0F0089A8E5 /* AppDelegate.swift in Sources */ = {isa = PBXBuildFile; fileRef = 04A83C17259C0B0F0089A8E5 /* AppDelegate.swift */; };
		04A83C1A259C0B0F0089A8E5 /* SceneDelegate.swift in Sources */ = {isa = PBXBuildFile; fileRef = 04A83C19259C0B0F0089A8E5 /* SceneDelegate.swift */; };
		04A83C1C259C0B0F0089A8E5 /* HomeVC.swift in Sources */ = {isa = PBXBuildFile; fileRef = 04A83C1B259C0B0F0089A8E5 /* HomeVC.swift */; };
		04A83C1F259C0B0F0089A8E5 /* Main.storyboard in Resources */ = {isa = PBXBuildFile; fileRef = 04A83C1D259C0B0F0089A8E5 /* Main.storyboard */; };
		04A83C22259C0B0F0089A8E5 /* Marvel_App.xcdatamodeld in Sources */ = {isa = PBXBuildFile; fileRef = 04A83C20259C0B0F0089A8E5 /* Marvel_App.xcdatamodeld */; };
		04A83C24259C0B150089A8E5 /* Assets.xcassets in Resources */ = {isa = PBXBuildFile; fileRef = 04A83C23259C0B150089A8E5 /* Assets.xcassets */; };
		04A83C27259C0B150089A8E5 /* LaunchScreen.storyboard in Resources */ = {isa = PBXBuildFile; fileRef = 04A83C25259C0B150089A8E5 /* LaunchScreen.storyboard */; };
		04A83C34259C0C190089A8E5 /* StartVC.swift in Sources */ = {isa = PBXBuildFile; fileRef = 04A83C33259C0C190089A8E5 /* StartVC.swift */; };
		04A83C4B259C0FCF0089A8E5 /* StartView.swift in Sources */ = {isa = PBXBuildFile; fileRef = 04A83C4A259C0FCF0089A8E5 /* StartView.swift */; };
		04A83C4F259C10660089A8E5 /* loading.gif in Resources */ = {isa = PBXBuildFile; fileRef = 04A83C4E259C10660089A8E5 /* loading.gif */; };
		04A83C53259C109C0089A8E5 /* Loading.swift in Sources */ = {isa = PBXBuildFile; fileRef = 04A83C52259C109C0089A8E5 /* Loading.swift */; };
		04F944FF259CEB8C0015DBAD /* ServerResponse.swift in Sources */ = {isa = PBXBuildFile; fileRef = 04F944FE259CEB8C0015DBAD /* ServerResponse.swift */; };
		04F94502259CEBC60015DBAD /* API.swift in Sources */ = {isa = PBXBuildFile; fileRef = 04F94501259CEBC60015DBAD /* API.swift */; };
		04F94505259CEC0A0015DBAD /* DAOCharacter.swift in Sources */ = {isa = PBXBuildFile; fileRef = 04F94504259CEC0A0015DBAD /* DAOCharacter.swift */; };
		04F94508259CEC140015DBAD /* Character.swift in Sources */ = {isa = PBXBuildFile; fileRef = 04F94507259CEC140015DBAD /* Character.swift */; };
		04F9450B259CEC1F0015DBAD /* CharacterAPI.swift in Sources */ = {isa = PBXBuildFile; fileRef = 04F9450A259CEC1F0015DBAD /* CharacterAPI.swift */; };
		04F9450E259CEC780015DBAD /* Thumbnail.swift in Sources */ = {isa = PBXBuildFile; fileRef = 04F9450D259CEC780015DBAD /* Thumbnail.swift */; };
		04F94511259CEC810015DBAD /* DAOThumbnail.swift in Sources */ = {isa = PBXBuildFile; fileRef = 04F94510259CEC810015DBAD /* DAOThumbnail.swift */; };
		04F94514259CED020015DBAD /* UIFont+Extension.swift in Sources */ = {isa = PBXBuildFile; fileRef = 04F94513259CED020015DBAD /* UIFont+Extension.swift */; };
		04F94517259CED370015DBAD /* UIColor+Extension.swift in Sources */ = {isa = PBXBuildFile; fileRef = 04F94516259CED370015DBAD /* UIColor+Extension.swift */; };
		04F9451A259CED7E0015DBAD /* HomeView.swift in Sources */ = {isa = PBXBuildFile; fileRef = 04F94519259CED7E0015DBAD /* HomeView.swift */; };
		04F9451E259CEDC60015DBAD /* CharactersCell.swift in Sources */ = {isa = PBXBuildFile; fileRef = 04F9451D259CEDC60015DBAD /* CharactersCell.swift */; };
		04F94521259CEE0E0015DBAD /* CardView.swift in Sources */ = {isa = PBXBuildFile; fileRef = 04F94520259CEE0E0015DBAD /* CardView.swift */; };
		04F94526259CF8510015DBAD /* TabBarController.swift in Sources */ = {isa = PBXBuildFile; fileRef = 04F94525259CF8510015DBAD /* TabBarController.swift */; };
		04FDEB3E25A0F2C30004BA17 /* GenericAlert.swift in Sources */ = {isa = PBXBuildFile; fileRef = 04FDEB3D25A0F2C30004BA17 /* GenericAlert.swift */; };
		5C0159091107958DD7506E2D /* Pods_Marvel_App.framework in Frameworks */ = {isa = PBXBuildFile; fileRef = A5E31CC4A2B6E7E84DEEC3BB /* Pods_Marvel_App.framework */; };
/* End PBXBuildFile section */

/* Begin PBXFileReference section */
		0405FB5225AB59EF00282C1B /* Comics.swift */ = {isa = PBXFileReference; lastKnownFileType = sourcecode.swift; path = Comics.swift; sourceTree = "<group>"; };
		0405FB5525AB5A5700282C1B /* DAOComics.swift */ = {isa = PBXFileReference; lastKnownFileType = sourcecode.swift; path = DAOComics.swift; sourceTree = "<group>"; };
		043DBB6525A36CC200BEA18F /* CharacterView.swift */ = {isa = PBXFileReference; lastKnownFileType = sourcecode.swift; path = CharacterView.swift; sourceTree = "<group>"; };
		043DBB6825A36D2500BEA18F /* CharacterVC.swift */ = {isa = PBXFileReference; lastKnownFileType = sourcecode.swift; path = CharacterVC.swift; sourceTree = "<group>"; };
		046BDFB025A0045800BA3B4C /* LoadMoreCell.swift */ = {isa = PBXFileReference; lastKnownFileType = sourcecode.swift; path = LoadMoreCell.swift; sourceTree = "<group>"; };
		046CFD15259C13A200595FBD /* LoadingPopUp.swift */ = {isa = PBXFileReference; lastKnownFileType = sourcecode.swift; path = LoadingPopUp.swift; sourceTree = "<group>"; };
		04A83C14259C0B0F0089A8E5 /* Marvel-App.app */ = {isa = PBXFileReference; explicitFileType = wrapper.application; includeInIndex = 0; path = "Marvel-App.app"; sourceTree = BUILT_PRODUCTS_DIR; };
		04A83C17259C0B0F0089A8E5 /* AppDelegate.swift */ = {isa = PBXFileReference; lastKnownFileType = sourcecode.swift; path = AppDelegate.swift; sourceTree = "<group>"; };
		04A83C19259C0B0F0089A8E5 /* SceneDelegate.swift */ = {isa = PBXFileReference; lastKnownFileType = sourcecode.swift; path = SceneDelegate.swift; sourceTree = "<group>"; };
		04A83C1B259C0B0F0089A8E5 /* HomeVC.swift */ = {isa = PBXFileReference; lastKnownFileType = sourcecode.swift; path = HomeVC.swift; sourceTree = "<group>"; };
		04A83C1E259C0B0F0089A8E5 /* Base */ = {isa = PBXFileReference; lastKnownFileType = file.storyboard; name = Base; path = Base.lproj/Main.storyboard; sourceTree = "<group>"; };
		04A83C21259C0B0F0089A8E5 /* Marvel_App.xcdatamodel */ = {isa = PBXFileReference; lastKnownFileType = wrapper.xcdatamodel; path = Marvel_App.xcdatamodel; sourceTree = "<group>"; };
		04A83C23259C0B150089A8E5 /* Assets.xcassets */ = {isa = PBXFileReference; lastKnownFileType = folder.assetcatalog; path = Assets.xcassets; sourceTree = "<group>"; };
		04A83C26259C0B150089A8E5 /* Base */ = {isa = PBXFileReference; lastKnownFileType = file.storyboard; name = Base; path = Base.lproj/LaunchScreen.storyboard; sourceTree = "<group>"; };
		04A83C28259C0B150089A8E5 /* Info.plist */ = {isa = PBXFileReference; lastKnownFileType = text.plist.xml; path = Info.plist; sourceTree = "<group>"; };
		04A83C33259C0C190089A8E5 /* StartVC.swift */ = {isa = PBXFileReference; lastKnownFileType = sourcecode.swift; path = StartVC.swift; sourceTree = "<group>"; };
		04A83C4A259C0FCF0089A8E5 /* StartView.swift */ = {isa = PBXFileReference; lastKnownFileType = sourcecode.swift; path = StartView.swift; sourceTree = "<group>"; };
		04A83C4E259C10660089A8E5 /* loading.gif */ = {isa = PBXFileReference; lastKnownFileType = image.gif; path = loading.gif; sourceTree = "<group>"; };
		04A83C52259C109C0089A8E5 /* Loading.swift */ = {isa = PBXFileReference; lastKnownFileType = sourcecode.swift; path = Loading.swift; sourceTree = "<group>"; };
		04F944FE259CEB8C0015DBAD /* ServerResponse.swift */ = {isa = PBXFileReference; lastKnownFileType = sourcecode.swift; path = ServerResponse.swift; sourceTree = "<group>"; };
		04F94501259CEBC60015DBAD /* API.swift */ = {isa = PBXFileReference; lastKnownFileType = sourcecode.swift; path = API.swift; sourceTree = "<group>"; };
		04F94504259CEC0A0015DBAD /* DAOCharacter.swift */ = {isa = PBXFileReference; lastKnownFileType = sourcecode.swift; path = DAOCharacter.swift; sourceTree = "<group>"; };
		04F94507259CEC140015DBAD /* Character.swift */ = {isa = PBXFileReference; lastKnownFileType = sourcecode.swift; path = Character.swift; sourceTree = "<group>"; };
		04F9450A259CEC1F0015DBAD /* CharacterAPI.swift */ = {isa = PBXFileReference; lastKnownFileType = sourcecode.swift; path = CharacterAPI.swift; sourceTree = "<group>"; };
		04F9450D259CEC780015DBAD /* Thumbnail.swift */ = {isa = PBXFileReference; lastKnownFileType = sourcecode.swift; path = Thumbnail.swift; sourceTree = "<group>"; };
		04F94510259CEC810015DBAD /* DAOThumbnail.swift */ = {isa = PBXFileReference; lastKnownFileType = sourcecode.swift; path = DAOThumbnail.swift; sourceTree = "<group>"; };
		04F94513259CED020015DBAD /* UIFont+Extension.swift */ = {isa = PBXFileReference; lastKnownFileType = sourcecode.swift; path = "UIFont+Extension.swift"; sourceTree = "<group>"; };
		04F94516259CED370015DBAD /* UIColor+Extension.swift */ = {isa = PBXFileReference; lastKnownFileType = sourcecode.swift; path = "UIColor+Extension.swift"; sourceTree = "<group>"; };
		04F94519259CED7E0015DBAD /* HomeView.swift */ = {isa = PBXFileReference; lastKnownFileType = sourcecode.swift; path = HomeView.swift; sourceTree = "<group>"; };
		04F9451D259CEDC60015DBAD /* CharactersCell.swift */ = {isa = PBXFileReference; lastKnownFileType = sourcecode.swift; path = CharactersCell.swift; sourceTree = "<group>"; };
		04F94520259CEE0E0015DBAD /* CardView.swift */ = {isa = PBXFileReference; lastKnownFileType = sourcecode.swift; path = CardView.swift; sourceTree = "<group>"; };
		04F94525259CF8510015DBAD /* TabBarController.swift */ = {isa = PBXFileReference; lastKnownFileType = sourcecode.swift; path = TabBarController.swift; sourceTree = "<group>"; };
		04FDEB3D25A0F2C30004BA17 /* GenericAlert.swift */ = {isa = PBXFileReference; lastKnownFileType = sourcecode.swift; path = GenericAlert.swift; sourceTree = "<group>"; };
		4C27472FD00A53453FC7EA86 /* Pods-Marvel-App.release.xcconfig */ = {isa = PBXFileReference; includeInIndex = 1; lastKnownFileType = text.xcconfig; name = "Pods-Marvel-App.release.xcconfig"; path = "Target Support Files/Pods-Marvel-App/Pods-Marvel-App.release.xcconfig"; sourceTree = "<group>"; };
		5E58315D3962DFA98123AF27 /* Pods-Marvel-App.debug.xcconfig */ = {isa = PBXFileReference; includeInIndex = 1; lastKnownFileType = text.xcconfig; name = "Pods-Marvel-App.debug.xcconfig"; path = "Target Support Files/Pods-Marvel-App/Pods-Marvel-App.debug.xcconfig"; sourceTree = "<group>"; };
		A5E31CC4A2B6E7E84DEEC3BB /* Pods_Marvel_App.framework */ = {isa = PBXFileReference; explicitFileType = wrapper.framework; includeInIndex = 0; path = Pods_Marvel_App.framework; sourceTree = BUILT_PRODUCTS_DIR; };
/* End PBXFileReference section */

/* Begin PBXFrameworksBuildPhase section */
		04A83C11259C0B0F0089A8E5 /* Frameworks */ = {
			isa = PBXFrameworksBuildPhase;
			buildActionMask = 2147483647;
			files = (
				5C0159091107958DD7506E2D /* Pods_Marvel_App.framework in Frameworks */,
			);
			runOnlyForDeploymentPostprocessing = 0;
		};
/* End PBXFrameworksBuildPhase section */

/* Begin PBXGroup section */
		04A83C0B259C0B0F0089A8E5 = {
			isa = PBXGroup;
			children = (
				04A83C16259C0B0F0089A8E5 /* Marvel-App */,
				04A83C15259C0B0F0089A8E5 /* Products */,
				4E6C4B2B40CDE890558A0CA8 /* Pods */,
				E0565482DE6DE211FB7631D6 /* Frameworks */,
			);
			sourceTree = "<group>";
		};
		04A83C15259C0B0F0089A8E5 /* Products */ = {
			isa = PBXGroup;
			children = (
				04A83C14259C0B0F0089A8E5 /* Marvel-App.app */,
			);
			name = Products;
			sourceTree = "<group>";
		};
		04A83C16259C0B0F0089A8E5 /* Marvel-App */ = {
			isa = PBXGroup;
			children = (
				04A83C17259C0B0F0089A8E5 /* AppDelegate.swift */,
				04A83C19259C0B0F0089A8E5 /* SceneDelegate.swift */,
				04F9451C259CEDB30015DBAD /* Cells */,
				04A83C51259C10900089A8E5 /* Components */,
				04F944FA259CEB020015DBAD /* Extensions */,
				04A83C4D259C10470089A8E5 /* Resources */,
				04F944F9259CEAFB0015DBAD /* Models */,
				04A83C2F259C0BCB0089A8E5 /* Views */,
				04A83C30259C0BD20089A8E5 /* Controllers */,
				04A83C20259C0B0F0089A8E5 /* Marvel_App.xcdatamodeld */,
			);
			path = "Marvel-App";
			sourceTree = "<group>";
		};
		04A83C2F259C0BCB0089A8E5 /* Views */ = {
			isa = PBXGroup;
			children = (
				04A83C31259C0BDC0089A8E5 /* StoryBoards */,
				04A83C56259C10C70089A8E5 /* PopUp */,
				04A83C4A259C0FCF0089A8E5 /* StartView.swift */,
				04F94519259CED7E0015DBAD /* HomeView.swift */,
				043DBB6525A36CC200BEA18F /* CharacterView.swift */,
			);
			path = Views;
			sourceTree = "<group>";
		};
		04A83C30259C0BD20089A8E5 /* Controllers */ = {
			isa = PBXGroup;
			children = (
				04A83C1B259C0B0F0089A8E5 /* HomeVC.swift */,
				04A83C33259C0C190089A8E5 /* StartVC.swift */,
				04F94525259CF8510015DBAD /* TabBarController.swift */,
				043DBB6825A36D2500BEA18F /* CharacterVC.swift */,
			);
			path = Controllers;
			sourceTree = "<group>";
		};
		04A83C31259C0BDC0089A8E5 /* StoryBoards */ = {
			isa = PBXGroup;
			children = (
				04A83C25259C0B150089A8E5 /* LaunchScreen.storyboard */,
				04A83C1D259C0B0F0089A8E5 /* Main.storyboard */,
			);
			path = StoryBoards;
			sourceTree = "<group>";
		};
		04A83C4D259C10470089A8E5 /* Resources */ = {
			isa = PBXGroup;
			children = (
				04A83C4E259C10660089A8E5 /* loading.gif */,
				04A83C28259C0B150089A8E5 /* Info.plist */,
				04A83C23259C0B150089A8E5 /* Assets.xcassets */,
			);
			path = Resources;
			sourceTree = "<group>";
		};
		04A83C51259C10900089A8E5 /* Components */ = {
			isa = PBXGroup;
			children = (
				04A83C52259C109C0089A8E5 /* Loading.swift */,
				04F94520259CEE0E0015DBAD /* CardView.swift */,
				04FDEB3D25A0F2C30004BA17 /* GenericAlert.swift */,
			);
			path = Components;
			sourceTree = "<group>";
		};
		04A83C56259C10C70089A8E5 /* PopUp */ = {
			isa = PBXGroup;
			children = (
				046CFD15259C13A200595FBD /* LoadingPopUp.swift */,
			);
			path = PopUp;
			sourceTree = "<group>";
		};
		04F944F9259CEAFB0015DBAD /* Models */ = {
			isa = PBXGroup;
			children = (
				04F944FE259CEB8C0015DBAD /* ServerResponse.swift */,
				04F944FC259CEB320015DBAD /* API */,
				04F944FD259CEB380015DBAD /* DAO */,
				04F944FB259CEB250015DBAD /* Models-Class */,
			);
			path = Models;
			sourceTree = "<group>";
		};
		04F944FA259CEB020015DBAD /* Extensions */ = {
			isa = PBXGroup;
			children = (
				04F94513259CED020015DBAD /* UIFont+Extension.swift */,
				04F94516259CED370015DBAD /* UIColor+Extension.swift */,
			);
			path = Extensions;
			sourceTree = "<group>";
		};
		04F944FB259CEB250015DBAD /* Models-Class */ = {
			isa = PBXGroup;
			children = (
				04F94507259CEC140015DBAD /* Character.swift */,
				04F9450D259CEC780015DBAD /* Thumbnail.swift */,
				0405FB5225AB59EF00282C1B /* Comics.swift */,
			);
			path = "Models-Class";
			sourceTree = "<group>";
		};
		04F944FC259CEB320015DBAD /* API */ = {
			isa = PBXGroup;
			children = (
				04F94501259CEBC60015DBAD /* API.swift */,
				04F9450A259CEC1F0015DBAD /* CharacterAPI.swift */,
			);
			path = API;
			sourceTree = "<group>";
		};
		04F944FD259CEB380015DBAD /* DAO */ = {
			isa = PBXGroup;
			children = (
				04F94504259CEC0A0015DBAD /* DAOCharacter.swift */,
				04F94510259CEC810015DBAD /* DAOThumbnail.swift */,
				0405FB5525AB5A5700282C1B /* DAOComics.swift */,
			);
			path = DAO;
			sourceTree = "<group>";
		};
		04F9451C259CEDB30015DBAD /* Cells */ = {
			isa = PBXGroup;
			children = (
				04F9451D259CEDC60015DBAD /* CharactersCell.swift */,
				046BDFB025A0045800BA3B4C /* LoadMoreCell.swift */,
			);
			path = Cells;
			sourceTree = "<group>";
		};
		4E6C4B2B40CDE890558A0CA8 /* Pods */ = {
			isa = PBXGroup;
			children = (
				5E58315D3962DFA98123AF27 /* Pods-Marvel-App.debug.xcconfig */,
				4C27472FD00A53453FC7EA86 /* Pods-Marvel-App.release.xcconfig */,
			);
			path = Pods;
			sourceTree = "<group>";
		};
		E0565482DE6DE211FB7631D6 /* Frameworks */ = {
			isa = PBXGroup;
			children = (
				A5E31CC4A2B6E7E84DEEC3BB /* Pods_Marvel_App.framework */,
			);
			name = Frameworks;
			sourceTree = "<group>";
		};
/* End PBXGroup section */

/* Begin PBXNativeTarget section */
		04A83C13259C0B0F0089A8E5 /* Marvel-App */ = {
			isa = PBXNativeTarget;
			buildConfigurationList = 04A83C2B259C0B150089A8E5 /* Build configuration list for PBXNativeTarget "Marvel-App" */;
			buildPhases = (
				9FCB24E69C3F87B8A3A9425D /* [CP] Check Pods Manifest.lock */,
				04A83C10259C0B0F0089A8E5 /* Sources */,
				04A83C11259C0B0F0089A8E5 /* Frameworks */,
				04A83C12259C0B0F0089A8E5 /* Resources */,
				E272A4E8A6303161509094AE /* [CP] Embed Pods Frameworks */,
			);
			buildRules = (
			);
			dependencies = (
			);
			name = "Marvel-App";
			productName = "Marvel-App";
			productReference = 04A83C14259C0B0F0089A8E5 /* Marvel-App.app */;
			productType = "com.apple.product-type.application";
		};
/* End PBXNativeTarget section */

/* Begin PBXProject section */
		04A83C0C259C0B0F0089A8E5 /* Project object */ = {
			isa = PBXProject;
			attributes = {
				LastSwiftUpdateCheck = 1220;
				LastUpgradeCheck = 1220;
				TargetAttributes = {
					04A83C13259C0B0F0089A8E5 = {
						CreatedOnToolsVersion = 12.2;
					};
				};
			};
			buildConfigurationList = 04A83C0F259C0B0F0089A8E5 /* Build configuration list for PBXProject "Marvel-App" */;
			compatibilityVersion = "Xcode 9.3";
			developmentRegion = en;
			hasScannedForEncodings = 0;
			knownRegions = (
				en,
				Base,
			);
			mainGroup = 04A83C0B259C0B0F0089A8E5;
			productRefGroup = 04A83C15259C0B0F0089A8E5 /* Products */;
			projectDirPath = "";
			projectRoot = "";
			targets = (
				04A83C13259C0B0F0089A8E5 /* Marvel-App */,
			);
		};
/* End PBXProject section */

/* Begin PBXResourcesBuildPhase section */
		04A83C12259C0B0F0089A8E5 /* Resources */ = {
			isa = PBXResourcesBuildPhase;
			buildActionMask = 2147483647;
			files = (
				04A83C27259C0B150089A8E5 /* LaunchScreen.storyboard in Resources */,
				04A83C24259C0B150089A8E5 /* Assets.xcassets in Resources */,
				04A83C4F259C10660089A8E5 /* loading.gif in Resources */,
				04A83C1F259C0B0F0089A8E5 /* Main.storyboard in Resources */,
			);
			runOnlyForDeploymentPostprocessing = 0;
		};
/* End PBXResourcesBuildPhase section */

/* Begin PBXShellScriptBuildPhase section */
		9FCB24E69C3F87B8A3A9425D /* [CP] Check Pods Manifest.lock */ = {
			isa = PBXShellScriptBuildPhase;
			buildActionMask = 2147483647;
			files = (
			);
			inputFileListPaths = (
			);
			inputPaths = (
				"${PODS_PODFILE_DIR_PATH}/Podfile.lock",
				"${PODS_ROOT}/Manifest.lock",
			);
			name = "[CP] Check Pods Manifest.lock";
			outputFileListPaths = (
			);
			outputPaths = (
				"$(DERIVED_FILE_DIR)/Pods-Marvel-App-checkManifestLockResult.txt",
			);
			runOnlyForDeploymentPostprocessing = 0;
			shellPath = /bin/sh;
			shellScript = "diff \"${PODS_PODFILE_DIR_PATH}/Podfile.lock\" \"${PODS_ROOT}/Manifest.lock\" > /dev/null\nif [ $? != 0 ] ; then\n    # print error to STDERR\n    echo \"error: The sandbox is not in sync with the Podfile.lock. Run 'pod install' or update your CocoaPods installation.\" >&2\n    exit 1\nfi\n# This output is used by Xcode 'outputs' to avoid re-running this script phase.\necho \"SUCCESS\" > \"${SCRIPT_OUTPUT_FILE_0}\"\n";
			showEnvVarsInLog = 0;
		};
		E272A4E8A6303161509094AE /* [CP] Embed Pods Frameworks */ = {
			isa = PBXShellScriptBuildPhase;
			buildActionMask = 2147483647;
			files = (
			);
			inputFileListPaths = (
				"${PODS_ROOT}/Target Support Files/Pods-Marvel-App/Pods-Marvel-App-frameworks-${CONFIGURATION}-input-files.xcfilelist",
			);
			name = "[CP] Embed Pods Frameworks";
			outputFileListPaths = (
				"${PODS_ROOT}/Target Support Files/Pods-Marvel-App/Pods-Marvel-App-frameworks-${CONFIGURATION}-output-files.xcfilelist",
			);
			runOnlyForDeploymentPostprocessing = 0;
			shellPath = /bin/sh;
			shellScript = "\"${PODS_ROOT}/Target Support Files/Pods-Marvel-App/Pods-Marvel-App-frameworks.sh\"\n";
			showEnvVarsInLog = 0;
		};
/* End PBXShellScriptBuildPhase section */

/* Begin PBXSourcesBuildPhase section */
		04A83C10259C0B0F0089A8E5 /* Sources */ = {
			isa = PBXSourcesBuildPhase;
			buildActionMask = 2147483647;
			files = (
				04A83C34259C0C190089A8E5 /* StartVC.swift in Sources */,
				04F9450B259CEC1F0015DBAD /* CharacterAPI.swift in Sources */,
				04F9451E259CEDC60015DBAD /* CharactersCell.swift in Sources */,
				04A83C1C259C0B0F0089A8E5 /* HomeVC.swift in Sources */,
				04A83C18259C0B0F0089A8E5 /* AppDelegate.swift in Sources */,
				04F94517259CED370015DBAD /* UIColor+Extension.swift in Sources */,
				043DBB6625A36CC200BEA18F /* CharacterView.swift in Sources */,
				04F94508259CEC140015DBAD /* Character.swift in Sources */,
				04FDEB3E25A0F2C30004BA17 /* GenericAlert.swift in Sources */,
				04F94511259CEC810015DBAD /* DAOThumbnail.swift in Sources */,
				04A83C4B259C0FCF0089A8E5 /* StartView.swift in Sources */,
				04F9450E259CEC780015DBAD /* Thumbnail.swift in Sources */,
				04F9451A259CED7E0015DBAD /* HomeView.swift in Sources */,
				0405FB5325AB59EF00282C1B /* Comics.swift in Sources */,
				043DBB6925A36D2500BEA18F /* CharacterVC.swift in Sources */,
				04F94502259CEBC60015DBAD /* API.swift in Sources */,
				04F944FF259CEB8C0015DBAD /* ServerResponse.swift in Sources */,
				04A83C22259C0B0F0089A8E5 /* Marvel_App.xcdatamodeld in Sources */,
				0405FB5625AB5A5700282C1B /* DAOComics.swift in Sources */,
				04F94521259CEE0E0015DBAD /* CardView.swift in Sources */,
				04F94505259CEC0A0015DBAD /* DAOCharacter.swift in Sources */,
				04A83C53259C109C0089A8E5 /* Loading.swift in Sources */,
				04A83C1A259C0B0F0089A8E5 /* SceneDelegate.swift in Sources */,
				04F94526259CF8510015DBAD /* TabBarController.swift in Sources */,
				04F94514259CED020015DBAD /* UIFont+Extension.swift in Sources */,
				046BDFB125A0045800BA3B4C /* LoadMoreCell.swift in Sources */,
				046CFD16259C13A200595FBD /* LoadingPopUp.swift in Sources */,
			);
			runOnlyForDeploymentPostprocessing = 0;
		};
/* End PBXSourcesBuildPhase section */

/* Begin PBXVariantGroup section */
		04A83C1D259C0B0F0089A8E5 /* Main.storyboard */ = {
			isa = PBXVariantGroup;
			children = (
				04A83C1E259C0B0F0089A8E5 /* Base */,
			);
			name = Main.storyboard;
			sourceTree = "<group>";
		};
		04A83C25259C0B150089A8E5 /* LaunchScreen.storyboard */ = {
			isa = PBXVariantGroup;
			children = (
				04A83C26259C0B150089A8E5 /* Base */,
			);
			name = LaunchScreen.storyboard;
			sourceTree = "<group>";
		};
/* End PBXVariantGroup section */

/* Begin XCBuildConfiguration section */
		04A83C29259C0B150089A8E5 /* Debug */ = {
			isa = XCBuildConfiguration;
			buildSettings = {
				ALWAYS_SEARCH_USER_PATHS = NO;
				CLANG_ANALYZER_NONNULL = YES;
				CLANG_ANALYZER_NUMBER_OBJECT_CONVERSION = YES_AGGRESSIVE;
				CLANG_CXX_LANGUAGE_STANDARD = "gnu++14";
				CLANG_CXX_LIBRARY = "libc++";
				CLANG_ENABLE_MODULES = YES;
				CLANG_ENABLE_OBJC_ARC = YES;
				CLANG_ENABLE_OBJC_WEAK = YES;
				CLANG_WARN_BLOCK_CAPTURE_AUTORELEASING = YES;
				CLANG_WARN_BOOL_CONVERSION = YES;
				CLANG_WARN_COMMA = YES;
				CLANG_WARN_CONSTANT_CONVERSION = YES;
				CLANG_WARN_DEPRECATED_OBJC_IMPLEMENTATIONS = YES;
				CLANG_WARN_DIRECT_OBJC_ISA_USAGE = YES_ERROR;
				CLANG_WARN_DOCUMENTATION_COMMENTS = YES;
				CLANG_WARN_EMPTY_BODY = YES;
				CLANG_WARN_ENUM_CONVERSION = YES;
				CLANG_WARN_INFINITE_RECURSION = YES;
				CLANG_WARN_INT_CONVERSION = YES;
				CLANG_WARN_NON_LITERAL_NULL_CONVERSION = YES;
				CLANG_WARN_OBJC_IMPLICIT_RETAIN_SELF = YES;
				CLANG_WARN_OBJC_LITERAL_CONVERSION = YES;
				CLANG_WARN_OBJC_ROOT_CLASS = YES_ERROR;
				CLANG_WARN_QUOTED_INCLUDE_IN_FRAMEWORK_HEADER = YES;
				CLANG_WARN_RANGE_LOOP_ANALYSIS = YES;
				CLANG_WARN_STRICT_PROTOTYPES = YES;
				CLANG_WARN_SUSPICIOUS_MOVE = YES;
				CLANG_WARN_UNGUARDED_AVAILABILITY = YES_AGGRESSIVE;
				CLANG_WARN_UNREACHABLE_CODE = YES;
				CLANG_WARN__DUPLICATE_METHOD_MATCH = YES;
				COPY_PHASE_STRIP = NO;
				DEBUG_INFORMATION_FORMAT = dwarf;
				ENABLE_STRICT_OBJC_MSGSEND = YES;
				ENABLE_TESTABILITY = YES;
				GCC_C_LANGUAGE_STANDARD = gnu11;
				GCC_DYNAMIC_NO_PIC = NO;
				GCC_NO_COMMON_BLOCKS = YES;
				GCC_OPTIMIZATION_LEVEL = 0;
				GCC_PREPROCESSOR_DEFINITIONS = (
					"DEBUG=1",
					"$(inherited)",
				);
				GCC_WARN_64_TO_32_BIT_CONVERSION = YES;
				GCC_WARN_ABOUT_RETURN_TYPE = YES_ERROR;
				GCC_WARN_UNDECLARED_SELECTOR = YES;
				GCC_WARN_UNINITIALIZED_AUTOS = YES_AGGRESSIVE;
				GCC_WARN_UNUSED_FUNCTION = YES;
				GCC_WARN_UNUSED_VARIABLE = YES;
				IPHONEOS_DEPLOYMENT_TARGET = 14.2;
				MTL_ENABLE_DEBUG_INFO = INCLUDE_SOURCE;
				MTL_FAST_MATH = YES;
				ONLY_ACTIVE_ARCH = YES;
				SDKROOT = iphoneos;
				SWIFT_ACTIVE_COMPILATION_CONDITIONS = DEBUG;
				SWIFT_OPTIMIZATION_LEVEL = "-Onone";
			};
			name = Debug;
		};
		04A83C2A259C0B150089A8E5 /* Release */ = {
			isa = XCBuildConfiguration;
			buildSettings = {
				ALWAYS_SEARCH_USER_PATHS = NO;
				CLANG_ANALYZER_NONNULL = YES;
				CLANG_ANALYZER_NUMBER_OBJECT_CONVERSION = YES_AGGRESSIVE;
				CLANG_CXX_LANGUAGE_STANDARD = "gnu++14";
				CLANG_CXX_LIBRARY = "libc++";
				CLANG_ENABLE_MODULES = YES;
				CLANG_ENABLE_OBJC_ARC = YES;
				CLANG_ENABLE_OBJC_WEAK = YES;
				CLANG_WARN_BLOCK_CAPTURE_AUTORELEASING = YES;
				CLANG_WARN_BOOL_CONVERSION = YES;
				CLANG_WARN_COMMA = YES;
				CLANG_WARN_CONSTANT_CONVERSION = YES;
				CLANG_WARN_DEPRECATED_OBJC_IMPLEMENTATIONS = YES;
				CLANG_WARN_DIRECT_OBJC_ISA_USAGE = YES_ERROR;
				CLANG_WARN_DOCUMENTATION_COMMENTS = YES;
				CLANG_WARN_EMPTY_BODY = YES;
				CLANG_WARN_ENUM_CONVERSION = YES;
				CLANG_WARN_INFINITE_RECURSION = YES;
				CLANG_WARN_INT_CONVERSION = YES;
				CLANG_WARN_NON_LITERAL_NULL_CONVERSION = YES;
				CLANG_WARN_OBJC_IMPLICIT_RETAIN_SELF = YES;
				CLANG_WARN_OBJC_LITERAL_CONVERSION = YES;
				CLANG_WARN_OBJC_ROOT_CLASS = YES_ERROR;
				CLANG_WARN_QUOTED_INCLUDE_IN_FRAMEWORK_HEADER = YES;
				CLANG_WARN_RANGE_LOOP_ANALYSIS = YES;
				CLANG_WARN_STRICT_PROTOTYPES = YES;
				CLANG_WARN_SUSPICIOUS_MOVE = YES;
				CLANG_WARN_UNGUARDED_AVAILABILITY = YES_AGGRESSIVE;
				CLANG_WARN_UNREACHABLE_CODE = YES;
				CLANG_WARN__DUPLICATE_METHOD_MATCH = YES;
				COPY_PHASE_STRIP = NO;
				DEBUG_INFORMATION_FORMAT = "dwarf-with-dsym";
				ENABLE_NS_ASSERTIONS = NO;
				ENABLE_STRICT_OBJC_MSGSEND = YES;
				GCC_C_LANGUAGE_STANDARD = gnu11;
				GCC_NO_COMMON_BLOCKS = YES;
				GCC_WARN_64_TO_32_BIT_CONVERSION = YES;
				GCC_WARN_ABOUT_RETURN_TYPE = YES_ERROR;
				GCC_WARN_UNDECLARED_SELECTOR = YES;
				GCC_WARN_UNINITIALIZED_AUTOS = YES_AGGRESSIVE;
				GCC_WARN_UNUSED_FUNCTION = YES;
				GCC_WARN_UNUSED_VARIABLE = YES;
				IPHONEOS_DEPLOYMENT_TARGET = 14.2;
				MTL_ENABLE_DEBUG_INFO = NO;
				MTL_FAST_MATH = YES;
				SDKROOT = iphoneos;
				SWIFT_COMPILATION_MODE = wholemodule;
				SWIFT_OPTIMIZATION_LEVEL = "-O";
				VALIDATE_PRODUCT = YES;
			};
			name = Release;
		};
		04A83C2C259C0B150089A8E5 /* Debug */ = {
			isa = XCBuildConfiguration;
			baseConfigurationReference = 5E58315D3962DFA98123AF27 /* Pods-Marvel-App.debug.xcconfig */;
			buildSettings = {
				ASSETCATALOG_COMPILER_APPICON_NAME = AppIcon;
				ASSETCATALOG_COMPILER_GLOBAL_ACCENT_COLOR_NAME = AccentColor;
				CODE_SIGN_STYLE = Automatic;
				INFOPLIST_FILE = "Marvel-App/Resources/Info.plist";
				IPHONEOS_DEPLOYMENT_TARGET = 13.0;
				LD_RUNPATH_SEARCH_PATHS = (
					"$(inherited)",
					"@executable_path/Frameworks",
				);
				PRODUCT_BUNDLE_IDENTIFIER = "Rodrigo-Gaspar.Marvel-App";
				PRODUCT_NAME = "$(TARGET_NAME)";
				SWIFT_VERSION = 5.0;
				TARGETED_DEVICE_FAMILY = "1,2";
			};
			name = Debug;
		};
		04A83C2D259C0B150089A8E5 /* Release */ = {
			isa = XCBuildConfiguration;
			baseConfigurationReference = 4C27472FD00A53453FC7EA86 /* Pods-Marvel-App.release.xcconfig */;
			buildSettings = {
				ASSETCATALOG_COMPILER_APPICON_NAME = AppIcon;
				ASSETCATALOG_COMPILER_GLOBAL_ACCENT_COLOR_NAME = AccentColor;
				CODE_SIGN_STYLE = Automatic;
				INFOPLIST_FILE = "Marvel-App/Resources/Info.plist";
				IPHONEOS_DEPLOYMENT_TARGET = 13.0;
				LD_RUNPATH_SEARCH_PATHS = (
					"$(inherited)",
					"@executable_path/Frameworks",
				);
				PRODUCT_BUNDLE_IDENTIFIER = "Rodrigo-Gaspar.Marvel-App";
				PRODUCT_NAME = "$(TARGET_NAME)";
				SWIFT_VERSION = 5.0;
				TARGETED_DEVICE_FAMILY = "1,2";
			};
			name = Release;
		};
/* End XCBuildConfiguration section */

/* Begin XCConfigurationList section */
		04A83C0F259C0B0F0089A8E5 /* Build configuration list for PBXProject "Marvel-App" */ = {
			isa = XCConfigurationList;
			buildConfigurations = (
				04A83C29259C0B150089A8E5 /* Debug */,
				04A83C2A259C0B150089A8E5 /* Release */,
			);
			defaultConfigurationIsVisible = 0;
			defaultConfigurationName = Release;
		};
		04A83C2B259C0B150089A8E5 /* Build configuration list for PBXNativeTarget "Marvel-App" */ = {
			isa = XCConfigurationList;
			buildConfigurations = (
				04A83C2C259C0B150089A8E5 /* Debug */,
				04A83C2D259C0B150089A8E5 /* Release */,
			);
			defaultConfigurationIsVisible = 0;
			defaultConfigurationName = Release;
		};
/* End XCConfigurationList section */

/* Begin XCVersionGroup section */
		04A83C20259C0B0F0089A8E5 /* Marvel_App.xcdatamodeld */ = {
			isa = XCVersionGroup;
			children = (
				04A83C21259C0B0F0089A8E5 /* Marvel_App.xcdatamodel */,
			);
			currentVersion = 04A83C21259C0B0F0089A8E5 /* Marvel_App.xcdatamodel */;
			path = Marvel_App.xcdatamodeld;
			sourceTree = "<group>";
			versionGroupType = wrapper.xcdatamodel;
		};
/* End XCVersionGroup section */
	};
	rootObject = 04A83C0C259C0B0F0089A8E5 /* Project object */;
}
